
Microsoft Visual Studio Solution File, Format Version 12.00
# Visual Studio 2012
Project("{FAE04EC0-301F-11D3-BF4B-00C04F79EFBC}") = "DesktopApp", "Desktop\DesktopApp.csproj", "{AA853F37-FA6D-4841-BCEC-21BC7E3CACD8}"
EndProject
Project("{FAE04EC0-301F-11D3-BF4B-00C04F79EFBC}") = "Engine", "Engine\Engine.csproj", "{45A24548-3A04-4864-A17E-E6B10CE8D0E4}"
EndProject
Project("{FAE04EC0-301F-11D3-BF4B-00C04F79EFBC}") = "Engine.Tests", "Engine.Tests\Engine.Tests.csproj", "{291F6793-F65F-4DBE-9C73-89EDD1868D4B}"
EndProject
Project("{FAE04EC0-301F-11D3-BF4B-00C04F79EFBC}") = "WebApp", "WebApp\WebApp.csproj", "{A0E5A42D-0235-4727-B559-49794FD08DA1}"
EndProject
Project("{2150E333-8FDC-42A3-9474-1A3956D46DE8}") = "Docs", "Docs", "{7BB88A48-28A4-4635-99F6-C7CFF8CBCA7E}"
	ProjectSection(SolutionItems) = preProject
		Bugs.md = Bugs.md
		featureList.md = featureList.md
	EndProjectSection
EndProject
Global
	GlobalSection(SolutionConfigurationPlatforms) = preSolution
		Debug|Any CPU = Debug|Any CPU
		Release|Any CPU = Release|Any CPU
	EndGlobalSection
	GlobalSection(ProjectConfigurationPlatforms) = postSolution
		{AA853F37-FA6D-4841-BCEC-21BC7E3CACD8}.Debug|Any CPU.ActiveCfg = Debug|Any CPU
		{AA853F37-FA6D-4841-BCEC-21BC7E3CACD8}.Debug|Any CPU.Build.0 = Debug|Any CPU
		{AA853F37-FA6D-4841-BCEC-21BC7E3CACD8}.Release|Any CPU.ActiveCfg = Release|Any CPU
		{AA853F37-FA6D-4841-BCEC-21BC7E3CACD8}.Release|Any CPU.Build.0 = Release|Any CPU
		{45A24548-3A04-4864-A17E-E6B10CE8D0E4}.Debug|Any CPU.ActiveCfg = Debug|Any CPU
		{45A24548-3A04-4864-A17E-E6B10CE8D0E4}.Debug|Any CPU.Build.0 = Debug|Any CPU
		{45A24548-3A04-4864-A17E-E6B10CE8D0E4}.Release|Any CPU.ActiveCfg = Release|Any CPU
		{45A24548-3A04-4864-A17E-E6B10CE8D0E4}.Release|Any CPU.Build.0 = Release|Any CPU
		{291F6793-F65F-4DBE-9C73-89EDD1868D4B}.Debug|Any CPU.ActiveCfg = Debug|Any CPU
		{291F6793-F65F-4DBE-9C73-89EDD1868D4B}.Debug|Any CPU.Build.0 = Debug|Any CPU
		{291F6793-F65F-4DBE-9C73-89EDD1868D4B}.Release|Any CPU.ActiveCfg = Release|Any CPU
		{291F6793-F65F-4DBE-9C73-89EDD1868D4B}.Release|Any CPU.Build.0 = Release|Any CPU
		{A0E5A42D-0235-4727-B559-49794FD08DA1}.Debug|Any CPU.ActiveCfg = Debug|Any CPU
		{A0E5A42D-0235-4727-B559-49794FD08DA1}.Debug|Any CPU.Build.0 = Debug|Any CPU
		{A0E5A42D-0235-4727-B559-49794FD08DA1}.Release|Any CPU.ActiveCfg = Release|Any CPU
		{A0E5A42D-0235-4727-B559-49794FD08DA1}.Release|Any CPU.Build.0 = Release|Any CPU
	EndGlobalSection
	GlobalSection(SolutionProperties) = preSolution
		HideSolutionNode = FALSE
	EndGlobalSection
EndGlobal
